{
  "name": "@jsclg/cli",
  "version": "1.0.0",
  "lockfileVersion": 2,
  "requires": true,
  "packages": {
    "": {
      "name": "@jsclg/cli",
      "version": "1.0.0",
      "license": "ISC",
      "dependencies": {
        "@jsclg/parser": "^1.0.1"
      }
    },
    "node_modules/@jsclg/parser": {
      "version": "1.0.1",
      "resolved": "https://registry.npmjs.org/@jsclg/parser/-/parser-1.0.1.tgz",
      "integrity": "sha512-SMx3wYVIp0GOeDf2IcFOXIAEji/qAF/is0CRHluP++C+uNVpjq4draa3oVeGnqkY1KXv9n4eyokqU/KB2/FWog=="
    }
  },
  "dependencies": {
    "@jsclg/parser": {
      "version": "1.0.1",
      "resolved": "https://registry.npmjs.org/@jsclg/parser/-/parser-1.0.1.tgz",
      "integrity": "sha512-SMx3wYVIp0GOeDf2IcFOXIAEji/qAF/is0CRHluP++C+uNVpjq4draa3oVeGnqkY1KXv9n4eyokqU/KB2/FWog=="
    }
  }
}
